// !$*UTF8*$!
{
	archiveVersion = 1;
	classes = {
	};
	objectVersion = 56;
	objects = {

/* Begin PBXBuildFile section */
		82082F052AF6ED9700858F54 /* Rocket_iOS17App.swift in Sources */ = {isa = PBXBuildFile; fileRef = 82082F042AF6ED9700858F54 /* Rocket_iOS17App.swift */; };
		82082F072AF6ED9700858F54 /* ContentView.swift in Sources */ = {isa = PBXBuildFile; fileRef = 82082F062AF6ED9700858F54 /* ContentView.swift */; };
		82082F092AF6ED9700858F54 /* Item.swift in Sources */ = {isa = PBXBuildFile; fileRef = 82082F082AF6ED9700858F54 /* Item.swift */; };
		82082F0B2AF6ED9B00858F54 /* Assets.xcassets in Resources */ = {isa = PBXBuildFile; fileRef = 82082F0A2AF6ED9B00858F54 /* Assets.xcassets */; };
		82082F0E2AF6ED9B00858F54 /* Preview Assets.xcassets in Resources */ = {isa = PBXBuildFile; fileRef = 82082F0D2AF6ED9B00858F54 /* Preview Assets.xcassets */; };
		82082F182AF6ED9C00858F54 /* Rocket_iOS17Tests.swift in Sources */ = {isa = PBXBuildFile; fileRef = 82082F172AF6ED9C00858F54 /* Rocket_iOS17Tests.swift */; };
		82082F222AF6ED9C00858F54 /* Rocket_iOS17UITests.swift in Sources */ = {isa = PBXBuildFile; fileRef = 82082F212AF6ED9C00858F54 /* Rocket_iOS17UITests.swift */; };
		82082F242AF6ED9C00858F54 /* Rocket_iOS17UITestsLaunchTests.swift in Sources */ = {isa = PBXBuildFile; fileRef = 82082F232AF6ED9C00858F54 /* Rocket_iOS17UITestsLaunchTests.swift */; };
		82082F332AF6EEF200858F54 /* ScrollExpense.swift in Sources */ = {isa = PBXBuildFile; fileRef = 82082F322AF6EEF200858F54 /* ScrollExpense.swift */; };
		82082F352AF6EF1900858F54 /* ComplexScrollView.swift in Sources */ = {isa = PBXBuildFile; fileRef = 82082F342AF6EF1900858F54 /* ComplexScrollView.swift */; };
		8254F4FC2AF6F8C200EDB3EA /* ScrollCard.swift in Sources */ = {isa = PBXBuildFile; fileRef = 8254F4FB2AF6F8C200EDB3EA /* ScrollCard.swift */; };
		8294E6922AF8399300B0F5A9 /* .gitignore in Resources */ = {isa = PBXBuildFile; fileRef = 8294E6912AF8399300B0F5A9 /* .gitignore */; };
/* End PBXBuildFile section */

/* Begin PBXContainerItemProxy section */
		82082F142AF6ED9C00858F54 /* PBXContainerItemProxy */ = {
			isa = PBXContainerItemProxy;
			containerPortal = 82082EF92AF6ED9700858F54 /* Project object */;
			proxyType = 1;
			remoteGlobalIDString = 82082F002AF6ED9700858F54;
			remoteInfo = "Rocket-iOS17";
		};
		82082F1E2AF6ED9C00858F54 /* PBXContainerItemProxy */ = {
			isa = PBXContainerItemProxy;
			containerPortal = 82082EF92AF6ED9700858F54 /* Project object */;
			proxyType = 1;
			remoteGlobalIDString = 82082F002AF6ED9700858F54;
			remoteInfo = "Rocket-iOS17";
		};
/* End PBXContainerItemProxy section */

/* Begin PBXFileReference section */
		82082F012AF6ED9700858F54 /* Rocket-iOS17.app */ = {isa = PBXFileReference; explicitFileType = wrapper.application; includeInIndex = 0; path = "Rocket-iOS17.app"; sourceTree = BUILT_PRODUCTS_DIR; };
		82082F042AF6ED9700858F54 /* Rocket_iOS17App.swift */ = {isa = PBXFileReference; lastKnownFileType = sourcecode.swift; path = Rocket_iOS17App.swift; sourceTree = "<group>"; };
		82082F062AF6ED9700858F54 /* ContentView.swift */ = {isa = PBXFileReference; lastKnownFileType = sourcecode.swift; path = ContentView.swift; sourceTree = "<group>"; };
		82082F082AF6ED9700858F54 /* Item.swift */ = {isa = PBXFileReference; lastKnownFileType = sourcecode.swift; path = Item.swift; sourceTree = "<group>"; };
		82082F0A2AF6ED9B00858F54 /* Assets.xcassets */ = {isa = PBXFileReference; lastKnownFileType = folder.assetcatalog; path = Assets.xcassets; sourceTree = "<group>"; };
		82082F0D2AF6ED9B00858F54 /* Preview Assets.xcassets */ = {isa = PBXFileReference; lastKnownFileType = folder.assetcatalog; path = "Preview Assets.xcassets"; sourceTree = "<group>"; };
		82082F132AF6ED9C00858F54 /* Rocket-iOS17Tests.xctest */ = {isa = PBXFileReference; explicitFileType = wrapper.cfbundle; includeInIndex = 0; path = "Rocket-iOS17Tests.xctest"; sourceTree = BUILT_PRODUCTS_DIR; };
		82082F172AF6ED9C00858F54 /* Rocket_iOS17Tests.swift */ = {isa = PBXFileReference; lastKnownFileType = sourcecode.swift; path = Rocket_iOS17Tests.swift; sourceTree = "<group>"; };
		82082F1D2AF6ED9C00858F54 /* Rocket-iOS17UITests.xctest */ = {isa = PBXFileReference; explicitFileType = wrapper.cfbundle; includeInIndex = 0; path = "Rocket-iOS17UITests.xctest"; sourceTree = BUILT_PRODUCTS_DIR; };
		82082F212AF6ED9C00858F54 /* Rocket_iOS17UITests.swift */ = {isa = PBXFileReference; lastKnownFileType = sourcecode.swift; path = Rocket_iOS17UITests.swift; sourceTree = "<group>"; };
		82082F232AF6ED9C00858F54 /* Rocket_iOS17UITestsLaunchTests.swift */ = {isa = PBXFileReference; lastKnownFileType = sourcecode.swift; path = Rocket_iOS17UITestsLaunchTests.swift; sourceTree = "<group>"; };
		82082F322AF6EEF200858F54 /* ScrollExpense.swift */ = {isa = PBXFileReference; lastKnownFileType = sourcecode.swift; path = ScrollExpense.swift; sourceTree = "<group>"; };
		82082F342AF6EF1900858F54 /* ComplexScrollView.swift */ = {isa = PBXFileReference; lastKnownFileType = sourcecode.swift; path = ComplexScrollView.swift; sourceTree = "<group>"; };
		8254F4FB2AF6F8C200EDB3EA /* ScrollCard.swift */ = {isa = PBXFileReference; lastKnownFileType = sourcecode.swift; path = ScrollCard.swift; sourceTree = "<group>"; };
		8294E6912AF8399300B0F5A9 /* .gitignore */ = {isa = PBXFileReference; fileEncoding = 4; lastKnownFileType = text; path = .gitignore; sourceTree = "<group>"; };
/* End PBXFileReference section */

/* Begin PBXFrameworksBuildPhase section */
		82082EFE2AF6ED9700858F54 /* Frameworks */ = {
			isa = PBXFrameworksBuildPhase;
			buildActionMask = 2147483647;
			files = (
			);
			runOnlyForDeploymentPostprocessing = 0;
		};
		82082F102AF6ED9C00858F54 /* Frameworks */ = {
			isa = PBXFrameworksBuildPhase;
			buildActionMask = 2147483647;
			files = (
			);
			runOnlyForDeploymentPostprocessing = 0;
		};
		82082F1A2AF6ED9C00858F54 /* Frameworks */ = {
			isa = PBXFrameworksBuildPhase;
			buildActionMask = 2147483647;
			files = (
			);
			runOnlyForDeploymentPostprocessing = 0;
		};
/* End PBXFrameworksBuildPhase section */

/* Begin PBXGroup section */
		82082EF82AF6ED9700858F54 = {
			isa = PBXGroup;
			children = (
				8294E6912AF8399300B0F5A9 /* .gitignore */,
				82082F032AF6ED9700858F54 /* Rocket-iOS17 */,
				82082F162AF6ED9C00858F54 /* Rocket-iOS17Tests */,
				82082F202AF6ED9C00858F54 /* Rocket-iOS17UITests */,
				82082F022AF6ED9700858F54 /* Products */,
			);
			sourceTree = "<group>";
		};
		82082F022AF6ED9700858F54 /* Products */ = {
			isa = PBXGroup;
			children = (
				82082F012AF6ED9700858F54 /* Rocket-iOS17.app */,
				82082F132AF6ED9C00858F54 /* Rocket-iOS17Tests.xctest */,
				82082F1D2AF6ED9C00858F54 /* Rocket-iOS17UITests.xctest */,
			);
			name = Products;
			sourceTree = "<group>";
		};
		82082F032AF6ED9700858F54 /* Rocket-iOS17 */ = {
			isa = PBXGroup;
			children = (
				82149B252AF78A4D00892D59 /* SupportingFIles */,
				82082F302AF6EED100858F54 /* Challenges */,
				82082F042AF6ED9700858F54 /* Rocket_iOS17App.swift */,
				82082F062AF6ED9700858F54 /* ContentView.swift */,
				82082F082AF6ED9700858F54 /* Item.swift */,
				82082F0A2AF6ED9B00858F54 /* Assets.xcassets */,
				82082F0C2AF6ED9B00858F54 /* Preview Content */,
			);
			path = "Rocket-iOS17";
			sourceTree = "<group>";
		};
		82082F0C2AF6ED9B00858F54 /* Preview Content */ = {
			isa = PBXGroup;
			children = (
				82082F0D2AF6ED9B00858F54 /* Preview Assets.xcassets */,
			);
			path = "Preview Content";
			sourceTree = "<group>";
		};
		82082F162AF6ED9C00858F54 /* Rocket-iOS17Tests */ = {
			isa = PBXGroup;
			children = (
				82082F172AF6ED9C00858F54 /* Rocket_iOS17Tests.swift */,
			);
			path = "Rocket-iOS17Tests";
			sourceTree = "<group>";
		};
		82082F202AF6ED9C00858F54 /* Rocket-iOS17UITests */ = {
			isa = PBXGroup;
			children = (
				82082F212AF6ED9C00858F54 /* Rocket_iOS17UITests.swift */,
				82082F232AF6ED9C00858F54 /* Rocket_iOS17UITestsLaunchTests.swift */,
			);
			path = "Rocket-iOS17UITests";
			sourceTree = "<group>";
		};
		82082F302AF6EED100858F54 /* Challenges */ = {
			isa = PBXGroup;
			children = (
				82082F312AF6EEE300858F54 /* ComplexScroll */,
			);
			path = Challenges;
			sourceTree = "<group>";
		};
		82082F312AF6EEE300858F54 /* ComplexScroll */ = {
			isa = PBXGroup;
			children = (
				82082F322AF6EEF200858F54 /* ScrollExpense.swift */,
				82082F342AF6EF1900858F54 /* ComplexScrollView.swift */,
				8254F4FB2AF6F8C200EDB3EA /* ScrollCard.swift */,
			);
			path = ComplexScroll;
			sourceTree = "<group>";
		};
		82149B252AF78A4D00892D59 /* SupportingFIles */ = {
			isa = PBXGroup;
			children = (
			);
			path = SupportingFIles;
			sourceTree = "<group>";
		};
/* End PBXGroup section */

/* Begin PBXNativeTarget section */
		82082F002AF6ED9700858F54 /* Rocket-iOS17 */ = {
			isa = PBXNativeTarget;
			buildConfigurationList = 82082F272AF6ED9C00858F54 /* Build configuration list for PBXNativeTarget "Rocket-iOS17" */;
			buildPhases = (
				82082EFD2AF6ED9700858F54 /* Sources */,
				82082EFE2AF6ED9700858F54 /* Frameworks */,
				82082EFF2AF6ED9700858F54 /* Resources */,
			);
			buildRules = (
			);
			dependencies = (
			);
			name = "Rocket-iOS17";
			productName = "Rocket-iOS17";
			productReference = 82082F012AF6ED9700858F54 /* Rocket-iOS17.app */;
			productType = "com.apple.product-type.application";
		};
		82082F122AF6ED9C00858F54 /* Rocket-iOS17Tests */ = {
			isa = PBXNativeTarget;
			buildConfigurationList = 82082F2A2AF6ED9C00858F54 /* Build configuration list for PBXNativeTarget "Rocket-iOS17Tests" */;
			buildPhases = (
				82082F0F2AF6ED9C00858F54 /* Sources */,
				82082F102AF6ED9C00858F54 /* Frameworks */,
				82082F112AF6ED9C00858F54 /* Resources */,
			);
			buildRules = (
			);
			dependencies = (
				82082F152AF6ED9C00858F54 /* PBXTargetDependency */,
			);
			name = "Rocket-iOS17Tests";
			productName = "Rocket-iOS17Tests";
			productReference = 82082F132AF6ED9C00858F54 /* Rocket-iOS17Tests.xctest */;
			productType = "com.apple.product-type.bundle.unit-test";
		};
		82082F1C2AF6ED9C00858F54 /* Rocket-iOS17UITests */ = {
			isa = PBXNativeTarget;
			buildConfigurationList = 82082F2D2AF6ED9C00858F54 /* Build configuration list for PBXNativeTarget "Rocket-iOS17UITests" */;
			buildPhases = (
				82082F192AF6ED9C00858F54 /* Sources */,
				82082F1A2AF6ED9C00858F54 /* Frameworks */,
				82082F1B2AF6ED9C00858F54 /* Resources */,
			);
			buildRules = (
			);
			dependencies = (
				82082F1F2AF6ED9C00858F54 /* PBXTargetDependency */,
			);
			name = "Rocket-iOS17UITests";
			productName = "Rocket-iOS17UITests";
			productReference = 82082F1D2AF6ED9C00858F54 /* Rocket-iOS17UITests.xctest */;
			productType = "com.apple.product-type.bundle.ui-testing";
		};
/* End PBXNativeTarget section */

/* Begin PBXProject section */
		82082EF92AF6ED9700858F54 /* Project object */ = {
			isa = PBXProject;
			attributes = {
				BuildIndependentTargetsInParallel = 1;
				LastSwiftUpdateCheck = 1500;
				LastUpgradeCheck = 1500;
				TargetAttributes = {
					82082F002AF6ED9700858F54 = {
						CreatedOnToolsVersion = 15.0.1;
					};
					82082F122AF6ED9C00858F54 = {
						CreatedOnToolsVersion = 15.0.1;
						TestTargetID = 82082F002AF6ED9700858F54;
					};
					82082F1C2AF6ED9C00858F54 = {
						CreatedOnToolsVersion = 15.0.1;
						TestTargetID = 82082F002AF6ED9700858F54;
					};
				};
			};
			buildConfigurationList = 82082EFC2AF6ED9700858F54 /* Build configuration list for PBXProject "Rocket-iOS17" */;
			compatibilityVersion = "Xcode 14.0";
			developmentRegion = en;
			hasScannedForEncodings = 0;
			knownRegions = (
				en,
				Base,
			);
			mainGroup = 82082EF82AF6ED9700858F54;
			productRefGroup = 82082F022AF6ED9700858F54 /* Products */;
			projectDirPath = "";
			projectRoot = "";
			targets = (
				82082F002AF6ED9700858F54 /* Rocket-iOS17 */,
				82082F122AF6ED9C00858F54 /* Rocket-iOS17Tests */,
				82082F1C2AF6ED9C00858F54 /* Rocket-iOS17UITests */,
			);
		};
/* End PBXProject section */

/* Begin PBXResourcesBuildPhase section */
		82082EFF2AF6ED9700858F54 /* Resources */ = {
			isa = PBXResourcesBuildPhase;
			buildActionMask = 2147483647;
			files = (
				82082F0E2AF6ED9B00858F54 /* Preview Assets.xcassets in Resources */,
				8294E6922AF8399300B0F5A9 /* .gitignore in Resources */,
				82082F0B2AF6ED9B00858F54 /* Assets.xcassets in Resources */,
			);
			runOnlyForDeploymentPostprocessing = 0;
		};
		82082F112AF6ED9C00858F54 /* Resources */ = {
			isa = PBXResourcesBuildPhase;
			buildActionMask = 2147483647;
			files = (
			);
			runOnlyForDeploymentPostprocessing = 0;
		};
		82082F1B2AF6ED9C00858F54 /* Resources */ = {
			isa = PBXResourcesBuildPhase;
			buildActionMask = 2147483647;
			files = (
			);
			runOnlyForDeploymentPostprocessing = 0;
		};
/* End PBXResourcesBuildPhase section */

/* Begin PBXSourcesBuildPhase section */
		82082EFD2AF6ED9700858F54 /* Sources */ = {
			isa = PBXSourcesBuildPhase;
			buildActionMask = 2147483647;
			files = (
				82082F352AF6EF1900858F54 /* ComplexScrollView.swift in Sources */,
				82082F332AF6EEF200858F54 /* ScrollExpense.swift in Sources */,
				82082F072AF6ED9700858F54 /* ContentView.swift in Sources */,
				82082F092AF6ED9700858F54 /* Item.swift in Sources */,
				8254F4FC2AF6F8C200EDB3EA /* ScrollCard.swift in Sources */,
				82082F052AF6ED9700858F54 /* Rocket_iOS17App.swift in Sources */,
			);
			runOnlyForDeploymentPostprocessing = 0;
		};
		82082F0F2AF6ED9C00858F54 /* Sources */ = {
			isa = PBXSourcesBuildPhase;
			buildActionMask = 2147483647;
			files = (
				82082F182AF6ED9C00858F54 /* Rocket_iOS17Tests.swift in Sources */,
			);
			runOnlyForDeploymentPostprocessing = 0;
		};
		82082F192AF6ED9C00858F54 /* Sources */ = {
			isa = PBXSourcesBuildPhase;
			buildActionMask = 2147483647;
			files = (
				82082F242AF6ED9C00858F54 /* Rocket_iOS17UITestsLaunchTests.swift in Sources */,
				82082F222AF6ED9C00858F54 /* Rocket_iOS17UITests.swift in Sources */,
			);
			runOnlyForDeploymentPostprocessing = 0;
		};
/* End PBXSourcesBuildPhase section */

/* Begin PBXTargetDependency section */
		82082F152AF6ED9C00858F54 /* PBXTargetDependency */ = {
			isa = PBXTargetDependency;
			target = 82082F002AF6ED9700858F54 /* Rocket-iOS17 */;
			targetProxy = 82082F142AF6ED9C00858F54 /* PBXContainerItemProxy */;
		};
		82082F1F2AF6ED9C00858F54 /* PBXTargetDependency */ = {
			isa = PBXTargetDependency;
			target = 82082F002AF6ED9700858F54 /* Rocket-iOS17 */;
			targetProxy = 82082F1E2AF6ED9C00858F54 /* PBXContainerItemProxy */;
		};
/* End PBXTargetDependency section */

/* Begin XCBuildConfiguration section */
		82082F252AF6ED9C00858F54 /* Debug */ = {
			isa = XCBuildConfiguration;
			buildSettings = {
				ALWAYS_SEARCH_USER_PATHS = NO;
				ASSETCATALOG_COMPILER_GENERATE_SWIFT_ASSET_SYMBOL_EXTENSIONS = YES;
				CLANG_ANALYZER_NONNULL = YES;
				CLANG_ANALYZER_NUMBER_OBJECT_CONVERSION = YES_AGGRESSIVE;
				CLANG_CXX_LANGUAGE_STANDARD = "gnu++20";
				CLANG_ENABLE_MODULES = YES;
				CLANG_ENABLE_OBJC_ARC = YES;
				CLANG_ENABLE_OBJC_WEAK = YES;
				CLANG_WARN_BLOCK_CAPTURE_AUTORELEASING = YES;
				CLANG_WARN_BOOL_CONVERSION = YES;
				CLANG_WARN_COMMA = YES;
				CLANG_WARN_CONSTANT_CONVERSION = YES;
				CLANG_WARN_DEPRECATED_OBJC_IMPLEMENTATIONS = YES;
				CLANG_WARN_DIRECT_OBJC_ISA_USAGE = YES_ERROR;
				CLANG_WARN_DOCUMENTATION_COMMENTS = YES;
				CLANG_WARN_EMPTY_BODY = YES;
				CLANG_WARN_ENUM_CONVERSION = YES;
				CLANG_WARN_INFINITE_RECURSION = YES;
				CLANG_WARN_INT_CONVERSION = YES;
				CLANG_WARN_NON_LITERAL_NULL_CONVERSION = YES;
				CLANG_WARN_OBJC_IMPLICIT_RETAIN_SELF = YES;
				CLANG_WARN_OBJC_LITERAL_CONVERSION = YES;
				CLANG_WARN_OBJC_ROOT_CLASS = YES_ERROR;
				CLANG_WARN_QUOTED_INCLUDE_IN_FRAMEWORK_HEADER = YES;
				CLANG_WARN_RANGE_LOOP_ANALYSIS = YES;
				CLANG_WARN_STRICT_PROTOTYPES = YES;
				CLANG_WARN_SUSPICIOUS_MOVE = YES;
				CLANG_WARN_UNGUARDED_AVAILABILITY = YES_AGGRESSIVE;
				CLANG_WARN_UNREACHABLE_CODE = YES;
				CLANG_WARN__DUPLICATE_METHOD_MATCH = YES;
				COPY_PHASE_STRIP = NO;
				DEBUG_INFORMATION_FORMAT = dwarf;
				ENABLE_STRICT_OBJC_MSGSEND = YES;
				ENABLE_TESTABILITY = YES;
				ENABLE_USER_SCRIPT_SANDBOXING = YES;
				GCC_C_LANGUAGE_STANDARD = gnu17;
				GCC_DYNAMIC_NO_PIC = NO;
				GCC_NO_COMMON_BLOCKS = YES;
				GCC_OPTIMIZATION_LEVEL = 0;
				GCC_PREPROCESSOR_DEFINITIONS = (
					"DEBUG=1",
					"$(inherited)",
				);
				GCC_WARN_64_TO_32_BIT_CONVERSION = YES;
				GCC_WARN_ABOUT_RETURN_TYPE = YES_ERROR;
				GCC_WARN_UNDECLARED_SELECTOR = YES;
				GCC_WARN_UNINITIALIZED_AUTOS = YES_AGGRESSIVE;
				GCC_WARN_UNUSED_FUNCTION = YES;
				GCC_WARN_UNUSED_VARIABLE = YES;
				IPHONEOS_DEPLOYMENT_TARGET = 17.0;
				LOCALIZATION_PREFERS_STRING_CATALOGS = YES;
				MTL_ENABLE_DEBUG_INFO = INCLUDE_SOURCE;
				MTL_FAST_MATH = YES;
				ONLY_ACTIVE_ARCH = YES;
				SDKROOT = iphoneos;
				SWIFT_ACTIVE_COMPILATION_CONDITIONS = "DEBUG $(inherited)";
				SWIFT_OPTIMIZATION_LEVEL = "-Onone";
			};
			name = Debug;
		};
		82082F262AF6ED9C00858F54 /* Release */ = {
			isa = XCBuildConfiguration;
			buildSettings = {
				ALWAYS_SEARCH_USER_PATHS = NO;
				ASSETCATALOG_COMPILER_GENERATE_SWIFT_ASSET_SYMBOL_EXTENSIONS = YES;
				CLANG_ANALYZER_NONNULL = YES;
				CLANG_ANALYZER_NUMBER_OBJECT_CONVERSION = YES_AGGRESSIVE;
				CLANG_CXX_LANGUAGE_STANDARD = "gnu++20";
				CLANG_ENABLE_MODULES = YES;
				CLANG_ENABLE_OBJC_ARC = YES;
				CLANG_ENABLE_OBJC_WEAK = YES;
				CLANG_WARN_BLOCK_CAPTURE_AUTORELEASING = YES;
				CLANG_WARN_BOOL_CONVERSION = YES;
				CLANG_WARN_COMMA = YES;
				CLANG_WARN_CONSTANT_CONVERSION = YES;
				CLANG_WARN_DEPRECATED_OBJC_IMPLEMENTATIONS = YES;
				CLANG_WARN_DIRECT_OBJC_ISA_USAGE = YES_ERROR;
				CLANG_WARN_DOCUMENTATION_COMMENTS = YES;
				CLANG_WARN_EMPTY_BODY = YES;
				CLANG_WARN_ENUM_CONVERSION = YES;
				CLANG_WARN_INFINITE_RECURSION = YES;
				CLANG_WARN_INT_CONVERSION = YES;
				CLANG_WARN_NON_LITERAL_NULL_CONVERSION = YES;
				CLANG_WARN_OBJC_IMPLICIT_RETAIN_SELF = YES;
				CLANG_WARN_OBJC_LITERAL_CONVERSION = YES;
				CLANG_WARN_OBJC_ROOT_CLASS = YES_ERROR;
				CLANG_WARN_QUOTED_INCLUDE_IN_FRAMEWORK_HEADER = YES;
				CLANG_WARN_RANGE_LOOP_ANALYSIS = YES;
				CLANG_WARN_STRICT_PROTOTYPES = YES;
				CLANG_WARN_SUSPICIOUS_MOVE = YES;
				CLANG_WARN_UNGUARDED_AVAILABILITY = YES_AGGRESSIVE;
				CLANG_WARN_UNREACHABLE_CODE = YES;
				CLANG_WARN__DUPLICATE_METHOD_MATCH = YES;
				COPY_PHASE_STRIP = NO;
				DEBUG_INFORMATION_FORMAT = "dwarf-with-dsym";
				ENABLE_NS_ASSERTIONS = NO;
				ENABLE_STRICT_OBJC_MSGSEND = YES;
				ENABLE_USER_SCRIPT_SANDBOXING = YES;
				GCC_C_LANGUAGE_STANDARD = gnu17;
				GCC_NO_COMMON_BLOCKS = YES;
				GCC_WARN_64_TO_32_BIT_CONVERSION = YES;
				GCC_WARN_ABOUT_RETURN_TYPE = YES_ERROR;
				GCC_WARN_UNDECLARED_SELECTOR = YES;
				GCC_WARN_UNINITIALIZED_AUTOS = YES_AGGRESSIVE;
				GCC_WARN_UNUSED_FUNCTION = YES;
				GCC_WARN_UNUSED_VARIABLE = YES;
				IPHONEOS_DEPLOYMENT_TARGET = 17.0;
				LOCALIZATION_PREFERS_STRING_CATALOGS = YES;
				MTL_ENABLE_DEBUG_INFO = NO;
				MTL_FAST_MATH = YES;
				SDKROOT = iphoneos;
				SWIFT_COMPILATION_MODE = wholemodule;
				VALIDATE_PRODUCT = YES;
			};
			name = Release;
		};
		82082F282AF6ED9C00858F54 /* Debug */ = {
			isa = XCBuildConfiguration;
			buildSettings = {
				ASSETCATALOG_COMPILER_APPICON_NAME = AppIcon;
				ASSETCATALOG_COMPILER_GLOBAL_ACCENT_COLOR_NAME = AccentColor;
				CODE_SIGN_STYLE = Automatic;
				CURRENT_PROJECT_VERSION = 1;
				DEVELOPMENT_ASSET_PATHS = "\"Rocket-iOS17/Preview Content\"";
				DEVELOPMENT_TEAM = 9SAUD8H4S8;
				ENABLE_PREVIEWS = YES;
				GENERATE_INFOPLIST_FILE = YES;
				INFOPLIST_KEY_UIApplicationSceneManifest_Generation = YES;
				INFOPLIST_KEY_UIApplicationSupportsIndirectInputEvents = YES;
				INFOPLIST_KEY_UILaunchScreen_Generation = YES;
				INFOPLIST_KEY_UISupportedInterfaceOrientations_iPad = "UIInterfaceOrientationPortrait UIInterfaceOrientationPortraitUpsideDown UIInterfaceOrientationLandscapeLeft UIInterfaceOrientationLandscapeRight";
				INFOPLIST_KEY_UISupportedInterfaceOrientations_iPhone = "UIInterfaceOrientationPortrait UIInterfaceOrientationLandscapeLeft UIInterfaceOrientationLandscapeRight";
				LD_RUNPATH_SEARCH_PATHS = (
					"$(inherited)",
					"@executable_path/Frameworks",
				);
				MARKETING_VERSION = 1.0;
				PRODUCT_BUNDLE_IDENTIFIER = "com.androidchi.Rocket-iOS17";
				PRODUCT_NAME = "$(TARGET_NAME)";
				SWIFT_EMIT_LOC_STRINGS = YES;
				SWIFT_VERSION = 5.0;
				TARGETED_DEVICE_FAMILY = "1,2";
			};
			name = Debug;
		};
		82082F292AF6ED9C00858F54 /* Release */ = {
			isa = XCBuildConfiguration;
			buildSettings = {
				ASSETCATALOG_COMPILER_APPICON_NAME = AppIcon;
				ASSETCATALOG_COMPILER_GLOBAL_ACCENT_COLOR_NAME = AccentColor;
				CODE_SIGN_STYLE = Automatic;
				CURRENT_PROJECT_VERSION = 1;
				DEVELOPMENT_ASSET_PATHS = "\"Rocket-iOS17/Preview Content\"";
				DEVELOPMENT_TEAM = 9SAUD8H4S8;
				ENABLE_PREVIEWS = YES;
				GENERATE_INFOPLIST_FILE = YES;
				INFOPLIST_KEY_UIApplicationSceneManifest_Generation = YES;
				INFOPLIST_KEY_UIApplicationSupportsIndirectInputEvents = YES;
				INFOPLIST_KEY_UILaunchScreen_Generation = YES;
				INFOPLIST_KEY_UISupportedInterfaceOrientations_iPad = "UIInterfaceOrientationPortrait UIInterfaceOrientationPortraitUpsideDown UIInterfaceOrientationLandscapeLeft UIInterfaceOrientationLandscapeRight";
				INFOPLIST_KEY_UISupportedInterfaceOrientations_iPhone = "UIInterfaceOrientationPortrait UIInterfaceOrientationLandscapeLeft UIInterfaceOrientationLandscapeRight";
				LD_RUNPATH_SEARCH_PATHS = (
					"$(inherited)",
					"@executable_path/Frameworks",
				);
				MARKETING_VERSION = 1.0;
				PRODUCT_BUNDLE_IDENTIFIER = "com.androidchi.Rocket-iOS17";
				PRODUCT_NAME = "$(TARGET_NAME)";
				SWIFT_EMIT_LOC_STRINGS = YES;
				SWIFT_VERSION = 5.0;
				TARGETED_DEVICE_FAMILY = "1,2";
			};
			name = Release;
		};
		82082F2B2AF6ED9C00858F54 /* Debug */ = {
			isa = XCBuildConfiguration;
			buildSettings = {
				ALWAYS_EMBED_SWIFT_STANDARD_LIBRARIES = YES;
				BUNDLE_LOADER = "$(TEST_HOST)";
				CODE_SIGN_STYLE = Automatic;
				CURRENT_PROJECT_VERSION = 1;
				DEVELOPMENT_TEAM = 9SAUD8H4S8;
				GENERATE_INFOPLIST_FILE = YES;
				IPHONEOS_DEPLOYMENT_TARGET = 17.0;
				MARKETING_VERSION = 1.0;
				PRODUCT_BUNDLE_IDENTIFIER = "com.androidchi.Rocket-iOS17Tests";
				PRODUCT_NAME = "$(TARGET_NAME)";
				SWIFT_EMIT_LOC_STRINGS = NO;
				SWIFT_VERSION = 5.0;
				TARGETED_DEVICE_FAMILY = "1,2";
				TEST_HOST = "$(BUILT_PRODUCTS_DIR)/Rocket-iOS17.app/$(BUNDLE_EXECUTABLE_FOLDER_PATH)/Rocket-iOS17";
			};
			name = Debug;
		};
		82082F2C2AF6ED9C00858F54 /* Release */ = {
			isa = XCBuildConfiguration;
			buildSettings = {
				ALWAYS_EMBED_SWIFT_STANDARD_LIBRARIES = YES;
				BUNDLE_LOADER = "$(TEST_HOST)";
				CODE_SIGN_STYLE = Automatic;
				CURRENT_PROJECT_VERSION = 1;
				DEVELOPMENT_TEAM = 9SAUD8H4S8;
				GENERATE_INFOPLIST_FILE = YES;
				IPHONEOS_DEPLOYMENT_TARGET = 17.0;
				MARKETING_VERSION = 1.0;
				PRODUCT_BUNDLE_IDENTIFIER = "com.androidchi.Rocket-iOS17Tests";
				PRODUCT_NAME = "$(TARGET_NAME)";
				SWIFT_EMIT_LOC_STRINGS = NO;
				SWIFT_VERSION = 5.0;
				TARGETED_DEVICE_FAMILY = "1,2";
				TEST_HOST = "$(BUILT_PRODUCTS_DIR)/Rocket-iOS17.app/$(BUNDLE_EXECUTABLE_FOLDER_PATH)/Rocket-iOS17";
			};
			name = Release;
		};
		82082F2E2AF6ED9C00858F54 /* Debug */ = {
			isa = XCBuildConfiguration;
			buildSettings = {
				ALWAYS_EMBED_SWIFT_STANDARD_LIBRARIES = YES;
				CODE_SIGN_STYLE = Automatic;
				CURRENT_PROJECT_VERSION = 1;
				DEVELOPMENT_TEAM = 9SAUD8H4S8;
				GENERATE_INFOPLIST_FILE = YES;
				MARKETING_VERSION = 1.0;
				PRODUCT_BUNDLE_IDENTIFIER = "com.androidchi.Rocket-iOS17UITests";
				PRODUCT_NAME = "$(TARGET_NAME)";
				SWIFT_EMIT_LOC_STRINGS = NO;
				SWIFT_VERSION = 5.0;
				TARGETED_DEVICE_FAMILY = "1,2";
				TEST_TARGET_NAME = "Rocket-iOS17";
			};
			name = Debug;
		};
		82082F2F2AF6ED9C00858F54 /* Release */ = {
			isa = XCBuildConfiguration;
			buildSettings = {
				ALWAYS_EMBED_SWIFT_STANDARD_LIBRARIES = YES;
				CODE_SIGN_STYLE = Automatic;
				CURRENT_PROJECT_VERSION = 1;
				DEVELOPMENT_TEAM = 9SAUD8H4S8;
				GENERATE_INFOPLIST_FILE = YES;
				MARKETING_VERSION = 1.0;
				PRODUCT_BUNDLE_IDENTIFIER = "com.androidchi.Rocket-iOS17UITests";
				PRODUCT_NAME = "$(TARGET_NAME)";
				SWIFT_EMIT_LOC_STRINGS = NO;
				SWIFT_VERSION = 5.0;
				TARGETED_DEVICE_FAMILY = "1,2";
				TEST_TARGET_NAME = "Rocket-iOS17";
			};
			name = Release;
		};
/* End XCBuildConfiguration section */

/* Begin XCConfigurationList section */
		82082EFC2AF6ED9700858F54 /* Build configuration list for PBXProject "Rocket-iOS17" */ = {
			isa = XCConfigurationList;
			buildConfigurations = (
				82082F252AF6ED9C00858F54 /* Debug */,
				82082F262AF6ED9C00858F54 /* Release */,
			);
			defaultConfigurationIsVisible = 0;
			defaultConfigurationName = Release;
		};
		82082F272AF6ED9C00858F54 /* Build configuration list for PBXNativeTarget "Rocket-iOS17" */ = {
			isa = XCConfigurationList;
			buildConfigurations = (
				82082F282AF6ED9C00858F54 /* Debug */,
				82082F292AF6ED9C00858F54 /* Release */,
			);
			defaultConfigurationIsVisible = 0;
			defaultConfigurationName = Release;
		};
		82082F2A2AF6ED9C00858F54 /* Build configuration list for PBXNativeTarget "Rocket-iOS17Tests" */ = {
			isa = XCConfigurationList;
			buildConfigurations = (
				82082F2B2AF6ED9C00858F54 /* Debug */,
				82082F2C2AF6ED9C00858F54 /* Release */,
			);
			defaultConfigurationIsVisible = 0;
			defaultConfigurationName = Release;
		};
		82082F2D2AF6ED9C00858F54 /* Build configuration list for PBXNativeTarget "Rocket-iOS17UITests" */ = {
			isa = XCConfigurationList;
			buildConfigurations = (
				82082F2E2AF6ED9C00858F54 /* Debug */,
				82082F2F2AF6ED9C00858F54 /* Release */,
			);
			defaultConfigurationIsVisible = 0;
			defaultConfigurationName = Release;
		};
/* End XCConfigurationList section */
	};
	rootObject = 82082EF92AF6ED9700858F54 /* Project object */;
}
